{
  "name": "server",
  "version": "0.1.0",
  "lockfileVersion": 1,
  "requires": true,
  "dependencies": {
    "bytes": {
      "version": "3.0.0",
      "resolved": "http://registry.npm.taobao.org/bytes/download/bytes-3.0.0.tgz",
      "integrity": "sha1-0ygVQE1olpn4Wk6k+odV3ROpYEg="
    },
    "co-wechat": {
      "version": "2.3.0",
      "resolved": "http://registry.npm.taobao.org/co-wechat/download/co-wechat-2.3.0.tgz",
      "integrity": "sha1-CJ6g1ZhvAzjTkTfd/IuTI1oozeY=",
      "requires": {
        "ejs": "2.6.1",
        "raw-body": "2.3.2",
        "wechat-crypto": "0.0.2",
        "xml2js": "0.4.4"
      }
    },
    "co-wechat-api": {
      "version": "3.5.0",
      "resolved": "http://registry.npm.taobao.org/co-wechat-api/download/co-wechat-api-3.5.0.tgz",
      "integrity": "sha1-oO1HQCsMkRXE6EddpuJpUlWqc2o=",
      "requires": {
        "formstream": "1.1.0",
        "httpx": "2.1.2"
      }
    },
    "depd": {
      "version": "1.1.1",
      "resolved": "http://registry.npm.taobao.org/depd/download/depd-1.1.1.tgz",
      "integrity": "sha1-V4O04cRZ8G+lyif5kfPQbnoxA1k="
    },
    "destroy": {
      "version": "1.0.4",
      "resolved": "http://registry.npm.taobao.org/destroy/download/destroy-1.0.4.tgz",
      "integrity": "sha1-l4hXRCxEdJ5CBmE+N5RiBYJqvYA="
    },
    "ejs": {
      "version": "2.6.1",
      "resolved": "http://registry.npm.taobao.org/ejs/download/ejs-2.6.1.tgz",
      "integrity": "sha1-SY7A1JVlWrxvI81hho2SZGQHGqA="
    },
    "formstream": {
      "version": "1.1.0",
      "resolved": "http://registry.npm.taobao.org/formstream/download/formstream-1.1.0.tgz",
      "integrity": "sha1-UfOXDyYTbrCtRDBN5M67UCB7RHk=",
      "requires": {
        "destroy": "1.0.4",
        "mime": "1.6.0",
        "pause-stream": "0.0.11"
      }
    },
    "http-errors": {
      "version": "1.6.2",
      "resolved": "http://registry.npm.taobao.org/http-errors/download/http-errors-1.6.2.tgz",
      "integrity": "sha1-CgAsyFcHGSp+eUbO7cERVfYOxzY=",
      "requires": {
        "depd": "1.1.1",
        "inherits": "2.0.3",
        "setprototypeof": "1.0.3",
        "statuses": "1.5.0"
      }
    },
    "httpx": {
      "version": "2.1.2",
      "resolved": "http://registry.npm.taobao.org/httpx/download/httpx-2.1.2.tgz",
      "integrity": "sha1-Wa7BWK1o3wqtNopymyXyKo2/sRQ=",
      "requires": {
        "debug": "2.6.9"
      },
      "dependencies": {
        "debug": {
          "version": "2.6.9",
          "resolved": "http://registry.npm.taobao.org/debug/download/debug-2.6.9.tgz",
          "integrity": "sha1-XRKFFd8TT/Mn6QpMk/Tgd6U2NB8=",
          "requires": {
            "ms": "2.0.0"
          }
        }
      }
    },
    "iconv-lite": {
      "version": "0.4.19",
      "resolved": "http://registry.npm.taobao.org/iconv-lite/download/iconv-lite-0.4.19.tgz",
      "integrity": "sha1-90aPYBNfXl2tM5nAqBvpoWA6CCs="
    },
    "inherits": {
      "version": "2.0.3",
      "resolved": "http://registry.npm.taobao.org/inherits/download/inherits-2.0.3.tgz",
      "integrity": "sha1-Yzwsg+PaQqUC9SRmAiSA9CCCYd4="
    },
    "mime": {
      "version": "1.6.0",
      "resolved": "http://registry.npm.taobao.org/mime/download/mime-1.6.0.tgz",
      "integrity": "sha1-Ms2eXGRVO9WNGaVor0Uqz/BJgbE="
    },
    "ms": {
      "version": "2.0.0",
      "resolved": "http://registry.npm.taobao.org/ms/download/ms-2.0.0.tgz",
      "integrity": "sha1-VgiurfwAvmwpAd9fmGF4jeDVl8g="
    },
    "pause-stream": {
      "version": "0.0.11",
      "resolved": "http://registry.npm.taobao.org/pause-stream/download/pause-stream-0.0.11.tgz",
      "integrity": "sha1-/lo0sMvOErWqaitAPuLnO2AvFEU=",
      "requires": {
        "through": "2.3.8"
      }
    },
    "raw-body": {
      "version": "2.3.2",
      "resolved": "http://registry.npm.taobao.org/raw-body/download/raw-body-2.3.2.tgz",
      "integrity": "sha1-vNYMd9Prk83gBQKVw/N5OJvIj4k=",
      "requires": {
        "bytes": "3.0.0",
        "http-errors": "1.6.2",
        "iconv-lite": "0.4.19",
        "unpipe": "1.0.0"
      }
    },
    "sax": {
      "version": "0.6.1",
      "resolved": "http://registry.npm.taobao.org/sax/download/sax-0.6.1.tgz",
      "integrity": "sha1-VjsZx8HeiS4Jv8Ty/DDjwn8JUrk="
    },
    "setprototypeof": {
      "version": "1.0.3",
      "resolved": "http://registry.npm.taobao.org/setprototypeof/download/setprototypeof-1.0.3.tgz",
      "integrity": "sha1-ZlZ+NwQ+608E2RvWWMDL77VbjgQ="
    },
    "statuses": {
      "version": "1.5.0",
      "resolved": "http://registry.npm.taobao.org/statuses/download/statuses-1.5.0.tgz",
      "integrity": "sha1-Fhx9rBd2Wf2YEfQ3cfqZOBR4Yow="
    },
    "through": {
      "version": "2.3.8",
      "resolved": "http://registry.npm.taobao.org/through/download/through-2.3.8.tgz",
      "integrity": "sha1-DdTJ/6q8NXlgsbckEV1+Doai4fU="
    },
    "unpipe": {
      "version": "1.0.0",
      "resolved": "http://registry.npm.taobao.org/unpipe/download/unpipe-1.0.0.tgz",
      "integrity": "sha1-sr9O6FFKrmFltIF4KdIbLvSZBOw="
    },
    "wechat-crypto": {
      "version": "0.0.2",
      "resolved": "http://registry.npm.taobao.org/wechat-crypto/download/wechat-crypto-0.0.2.tgz",
      "integrity": "sha1-pVRD7AgQ9MGZKik6J4YIOXAMY2k="
    },
    "xml2js": {
      "version": "0.4.4",
      "resolved": "http://registry.npm.taobao.org/xml2js/download/xml2js-0.4.4.tgz",
      "integrity": "sha1-MREBAAMAiuGSQOuhdJe1fHKcVV0=",
      "requires": {
        "sax": "0.6.1",
        "xmlbuilder": "10.0.0"
      }
    },
    "xmlbuilder": {
      "version": "10.0.0",
      "resolved": "http://registry.npm.taobao.org/xmlbuilder/download/xmlbuilder-10.0.0.tgz",
      "integrity": "sha1-xk5S+K4Jf+X9RtHDitqt4HHuG1U="
    }
  }
}
